// !$*UTF8*$!
{
	archiveVersion = 1;
	classes = {
	};
	objectVersion = 50;
	objects = {

/* Begin PBXBuildFile section */
		FEC34499217D75350080AFDC /* unzip.c in Sources */ = {isa = PBXBuildFile; fileRef = FEC34441217D75110080AFDC /* unzip.c */; };
		FEC3449A217D753D0080AFDC /* ioapi.c in Sources */ = {isa = PBXBuildFile; fileRef = FEC34447217D75110080AFDC /* ioapi.c */; };
		FEC3449C217D754A0080AFDC /* notification_init.cpp in Sources */ = {isa = PBXBuildFile; fileRef = FE0A7F87217D726B007C6152 /* notification_init.cpp */; };
		FEC3449D217D754F0080AFDC /* file.cpp in Sources */ = {isa = PBXBuildFile; fileRef = FE0A7F85217D726B007C6152 /* file.cpp */; };
		FEC3449E217D75520080AFDC /* run.cpp in Sources */ = {isa = PBXBuildFile; fileRef = FE0A7F83217D726B007C6152 /* run.cpp */; };
		FEC3449F217D76FB0080AFDC /* minishared.c in Sources */ = {isa = PBXBuildFile; fileRef = FEC34462217D75110080AFDC /* minishared.c */; };
		FEC344B1217D92FE0080AFDC /* crypt.c in Sources */ = {isa = PBXBuildFile; fileRef = FEC3443F217D75110080AFDC /* crypt.c */; };
		FEC344B7217DA21C0080AFDC /* libcurl.4.tbd in Frameworks */ = {isa = PBXBuildFile; fileRef = FEC344B5217D94EF0080AFDC /* libcurl.4.tbd */; };
/* End PBXBuildFile section */

/* Begin PBXContainerItemProxy section */
		FEC34480217D75110080AFDC /* PBXContainerItemProxy */ = {
			isa = PBXContainerItemProxy;
			containerPortal = FEC3444D217D75110080AFDC /* minizip.xcodeproj */;
			proxyType = 2;
			remoteGlobalIDString = 693817A21E90DEA40045C821;
			remoteInfo = minizip;
		};
		FEC34482217D75110080AFDC /* PBXContainerItemProxy */ = {
			isa = PBXContainerItemProxy;
			containerPortal = FEC3444D217D75110080AFDC /* minizip.xcodeproj */;
			proxyType = 2;
			remoteGlobalIDString = 693817BB1E90DF550045C821;
			remoteInfo = miniunz;
		};
		FEC34484217D75110080AFDC /* PBXContainerItemProxy */ = {
			isa = PBXContainerItemProxy;
			containerPortal = FEC3444D217D75110080AFDC /* minizip.xcodeproj */;
			proxyType = 2;
			remoteGlobalIDString = 693817B01E90DF490045C821;
			remoteInfo = minizip;
		};
/* End PBXContainerItemProxy section */

/* Begin PBXCopyFilesBuildPhase section */
		FEC8E46E2174717D00EC2845 /* CopyFiles */ = {
			isa = PBXCopyFilesBuildPhase;
			buildActionMask = 2147483647;
			dstPath = /usr/share/man/man1/;
			dstSubfolderSpec = 0;
			files = (
			);
			runOnlyForDeploymentPostprocessing = 1;
		};
/* End PBXCopyFilesBuildPhase section */

/* Begin PBXFileReference section */
		FE0A7F82217D726B007C6152 /* file.hpp */ = {isa = PBXFileReference; fileEncoding = 4; lastKnownFileType = sourcecode.cpp.h; path = file.hpp; sourceTree = "<group>"; };
		FE0A7F83217D726B007C6152 /* run.cpp */ = {isa = PBXFileReference; fileEncoding = 4; lastKnownFileType = sourcecode.cpp.cpp; path = run.cpp; sourceTree = "<group>"; };
		FE0A7F84217D726B007C6152 /* run.hpp */ = {isa = PBXFileReference; fileEncoding = 4; lastKnownFileType = sourcecode.cpp.h; path = run.hpp; sourceTree = "<group>"; };
		FE0A7F85217D726B007C6152 /* file.cpp */ = {isa = PBXFileReference; fileEncoding = 4; lastKnownFileType = sourcecode.cpp.cpp; path = file.cpp; sourceTree = "<group>"; };
		FE0A7F86217D726B007C6152 /* notification_init.hpp */ = {isa = PBXFileReference; fileEncoding = 4; lastKnownFileType = sourcecode.cpp.h; path = notification_init.hpp; sourceTree = "<group>"; };
		FE0A7F87217D726B007C6152 /* notification_init.cpp */ = {isa = PBXFileReference; fileEncoding = 4; lastKnownFileType = sourcecode.cpp.cpp; path = notification_init.cpp; sourceTree = "<group>"; };
		FEC3443F217D75110080AFDC /* crypt.c */ = {isa = PBXFileReference; fileEncoding = 4; lastKnownFileType = sourcecode.c.c; path = crypt.c; sourceTree = "<group>"; };
		FEC34440217D75110080AFDC /* CMakeLists.txt */ = {isa = PBXFileReference; fileEncoding = 4; lastKnownFileType = text; path = CMakeLists.txt; sourceTree = "<group>"; };
		FEC34441217D75110080AFDC /* unzip.c */ = {isa = PBXFileReference; fileEncoding = 4; lastKnownFileType = sourcecode.c.c; path = unzip.c; sourceTree = "<group>"; };
		FEC34442217D75110080AFDC /* LICENSE */ = {isa = PBXFileReference; fileEncoding = 4; lastKnownFileType = text; path = LICENSE; sourceTree = "<group>"; };
		FEC34443217D75110080AFDC /* zip.c */ = {isa = PBXFileReference; fileEncoding = 4; lastKnownFileType = sourcecode.c.c; path = zip.c; sourceTree = "<group>"; };
		FEC34444217D75110080AFDC /* ChangeLog */ = {isa = PBXFileReference; fileEncoding = 4; lastKnownFileType = text; path = ChangeLog; sourceTree = "<group>"; };
		FEC34445217D75110080AFDC /* minishared.h */ = {isa = PBXFileReference; fileEncoding = 4; lastKnownFileType = sourcecode.c.h; path = minishared.h; sourceTree = "<group>"; };
		FEC34446217D75110080AFDC /* iowin32.h */ = {isa = PBXFileReference; fileEncoding = 4; lastKnownFileType = sourcecode.c.h; path = iowin32.h; sourceTree = "<group>"; };
		FEC34447217D75110080AFDC /* ioapi.c */ = {isa = PBXFileReference; fileEncoding = 4; lastKnownFileType = sourcecode.c.c; path = ioapi.c; sourceTree = "<group>"; };
		FEC34448217D75110080AFDC /* ioapi_mem.h */ = {isa = PBXFileReference; fileEncoding = 4; lastKnownFileType = sourcecode.c.h; path = ioapi_mem.h; sourceTree = "<group>"; };
		FEC34449217D75110080AFDC /* Minizip.podspec */ = {isa = PBXFileReference; fileEncoding = 4; lastKnownFileType = text; path = Minizip.podspec; sourceTree = "<group>"; };
		FEC3444A217D75110080AFDC /* ioapi_buf.c */ = {isa = PBXFileReference; fileEncoding = 4; lastKnownFileType = sourcecode.c.c; path = ioapi_buf.c; sourceTree = "<group>"; };
		FEC3444B217D75110080AFDC /* README.md */ = {isa = PBXFileReference; fileEncoding = 4; lastKnownFileType = net.daringfireball.markdown; path = README.md; sourceTree = "<group>"; };
		FEC3444D217D75110080AFDC /* minizip.xcodeproj */ = {isa = PBXFileReference; lastKnownFileType = "wrapper.pb-project"; path = minizip.xcodeproj; sourceTree = "<group>"; };
		FEC34450217D75110080AFDC /* crypt.h */ = {isa = PBXFileReference; fileEncoding = 4; lastKnownFileType = sourcecode.c.h; path = crypt.h; sourceTree = "<group>"; };
		FEC34451217D75110080AFDC /* .gitignore */ = {isa = PBXFileReference; fileEncoding = 4; lastKnownFileType = text; path = .gitignore; sourceTree = "<group>"; };
		FEC34452217D75110080AFDC /* zip.h */ = {isa = PBXFileReference; fileEncoding = 4; lastKnownFileType = sourcecode.c.h; path = zip.h; sourceTree = "<group>"; };
		FEC34454217D75110080AFDC /* minizip.qbs */ = {isa = PBXFileReference; fileEncoding = 4; lastKnownFileType = text; path = minizip.qbs; sourceTree = "<group>"; };
		FEC34455217D75110080AFDC /* miniunz.qbs */ = {isa = PBXFileReference; fileEncoding = 4; lastKnownFileType = text; path = miniunz.qbs; sourceTree = "<group>"; };
		FEC34456217D75110080AFDC /* libminizip.qbs */ = {isa = PBXFileReference; fileEncoding = 4; lastKnownFileType = text; path = libminizip.qbs; sourceTree = "<group>"; };
		FEC34457217D75110080AFDC /* unzip.h */ = {isa = PBXFileReference; fileEncoding = 4; lastKnownFileType = sourcecode.c.h; path = unzip.h; sourceTree = "<group>"; };
		FEC34458217D75110080AFDC /* ioapi_mem.c */ = {isa = PBXFileReference; fileEncoding = 4; lastKnownFileType = sourcecode.c.c; path = ioapi_mem.c; sourceTree = "<group>"; };
		FEC3445A217D75110080AFDC /* miniunz.vcxproj */ = {isa = PBXFileReference; fileEncoding = 4; lastKnownFileType = text.xml; path = miniunz.vcxproj; sourceTree = "<group>"; };
		FEC3445B217D75110080AFDC /* minizip.vcxproj.filters */ = {isa = PBXFileReference; fileEncoding = 4; lastKnownFileType = text.xml; path = minizip.vcxproj.filters; sourceTree = "<group>"; };
		FEC3445C217D75110080AFDC /* libminizip.vcxproj.filters */ = {isa = PBXFileReference; fileEncoding = 4; lastKnownFileType = text.xml; path = libminizip.vcxproj.filters; sourceTree = "<group>"; };
		FEC3445D217D75110080AFDC /* minizip.vcproj */ = {isa = PBXFileReference; fileEncoding = 4; lastKnownFileType = text.xml; path = minizip.vcproj; sourceTree = "<group>"; };
		FEC3445E217D75110080AFDC /* miniunz.vcxproj.filters */ = {isa = PBXFileReference; fileEncoding = 4; lastKnownFileType = text.xml; path = miniunz.vcxproj.filters; sourceTree = "<group>"; };
		FEC3445F217D75110080AFDC /* minizip.vcxproj */ = {isa = PBXFileReference; fileEncoding = 4; lastKnownFileType = text.xml; path = minizip.vcxproj; sourceTree = "<group>"; };
		FEC34460217D75110080AFDC /* minizip.sln */ = {isa = PBXFileReference; fileEncoding = 4; lastKnownFileType = text; path = minizip.sln; sourceTree = "<group>"; };
		FEC34461217D75110080AFDC /* libminizip.vcxproj */ = {isa = PBXFileReference; fileEncoding = 4; lastKnownFileType = text.xml; path = libminizip.vcxproj; sourceTree = "<group>"; };
		FEC34462217D75110080AFDC /* minishared.c */ = {isa = PBXFileReference; fileEncoding = 4; lastKnownFileType = sourcecode.c.c; path = minishared.c; sourceTree = "<group>"; };
		FEC34463217D75110080AFDC /* ioapi.h */ = {isa = PBXFileReference; fileEncoding = 4; lastKnownFileType = sourcecode.c.h; path = ioapi.h; sourceTree = "<group>"; };
		FEC34464217D75110080AFDC /* iowin32.c */ = {isa = PBXFileReference; fileEncoding = 4; lastKnownFileType = sourcecode.c.c; path = iowin32.c; sourceTree = "<group>"; };
		FEC34465217D75110080AFDC /* ioapi_buf.h */ = {isa = PBXFileReference; fileEncoding = 4; lastKnownFileType = sourcecode.c.h; path = ioapi_buf.h; sourceTree = "<group>"; };
		FEC34466217D75110080AFDC /* minizip.c */ = {isa = PBXFileReference; fileEncoding = 4; lastKnownFileType = sourcecode.c.c; path = minizip.c; sourceTree = "<group>"; };
		FEC34468217D75110080AFDC /* prng.h */ = {isa = PBXFileReference; fileEncoding = 4; lastKnownFileType = sourcecode.c.h; path = prng.h; sourceTree = "<group>"; };
		FEC34469217D75110080AFDC /* aes_ni.h */ = {isa = PBXFileReference; fileEncoding = 4; lastKnownFileType = sourcecode.c.h; path = aes_ni.h; sourceTree = "<group>"; };
		FEC3446A217D75110080AFDC /* aeskey.c */ = {isa = PBXFileReference; fileEncoding = 4; lastKnownFileType = sourcecode.c.c; path = aeskey.c; sourceTree = "<group>"; };
		FEC3446B217D75110080AFDC /* hmac.c */ = {isa = PBXFileReference; fileEncoding = 4; lastKnownFileType = sourcecode.c.c; path = hmac.c; sourceTree = "<group>"; };
		FEC3446C217D75110080AFDC /* aestab.h */ = {isa = PBXFileReference; fileEncoding = 4; lastKnownFileType = sourcecode.c.h; path = aestab.h; sourceTree = "<group>"; };
		FEC3446D217D75110080AFDC /* pwd2key.h */ = {isa = PBXFileReference; fileEncoding = 4; lastKnownFileType = sourcecode.c.h; path = pwd2key.h; sourceTree = "<group>"; };
		FEC3446E217D75110080AFDC /* aescrypt.c */ = {isa = PBXFileReference; fileEncoding = 4; lastKnownFileType = sourcecode.c.c; path = aescrypt.c; sourceTree = "<group>"; };
		FEC3446F217D75110080AFDC /* fileenc.c */ = {isa = PBXFileReference; fileEncoding = 4; lastKnownFileType = sourcecode.c.c; path = fileenc.c; sourceTree = "<group>"; };
		FEC34470217D75110080AFDC /* aesopt.h */ = {isa = PBXFileReference; fileEncoding = 4; lastKnownFileType = sourcecode.c.h; path = aesopt.h; sourceTree = "<group>"; };
		FEC34471217D75110080AFDC /* sha1.c */ = {isa = PBXFileReference; fileEncoding = 4; lastKnownFileType = sourcecode.c.c; path = sha1.c; sourceTree = "<group>"; };
		FEC34472217D75110080AFDC /* brg_types.h */ = {isa = PBXFileReference; fileEncoding = 4; lastKnownFileType = sourcecode.c.h; path = brg_types.h; sourceTree = "<group>"; };
		FEC34473217D75110080AFDC /* hmac.h */ = {isa = PBXFileReference; fileEncoding = 4; lastKnownFileType = sourcecode.c.h; path = hmac.h; sourceTree = "<group>"; };
		FEC34474217D75110080AFDC /* aes_ni.c */ = {isa = PBXFileReference; fileEncoding = 4; lastKnownFileType = sourcecode.c.c; path = aes_ni.c; sourceTree = "<group>"; };
		FEC34475217D75110080AFDC /* brg_endian.h */ = {isa = PBXFileReference; fileEncoding = 4; lastKnownFileType = sourcecode.c.h; path = brg_endian.h; sourceTree = "<group>"; };
		FEC34476217D75110080AFDC /* prng.c */ = {isa = PBXFileReference; fileEncoding = 4; lastKnownFileType = sourcecode.c.c; path = prng.c; sourceTree = "<group>"; };
		FEC34477217D75110080AFDC /* aes.h */ = {isa = PBXFileReference; fileEncoding = 4; lastKnownFileType = sourcecode.c.h; path = aes.h; sourceTree = "<group>"; };
		FEC34478217D75110080AFDC /* pwd2key.c */ = {isa = PBXFileReference; fileEncoding = 4; lastKnownFileType = sourcecode.c.c; path = pwd2key.c; sourceTree = "<group>"; };
		FEC34479217D75110080AFDC /* aestab.c */ = {isa = PBXFileReference; fileEncoding = 4; lastKnownFileType = sourcecode.c.c; path = aestab.c; sourceTree = "<group>"; };
		FEC3447A217D75110080AFDC /* sha1.h */ = {isa = PBXFileReference; fileEncoding = 4; lastKnownFileType = sourcecode.c.h; path = sha1.h; sourceTree = "<group>"; };
		FEC3447B217D75110080AFDC /* fileenc.h */ = {isa = PBXFileReference; fileEncoding = 4; lastKnownFileType = sourcecode.c.h; path = fileenc.h; sourceTree = "<group>"; };
		FEC3447C217D75110080AFDC /* miniunz.c */ = {isa = PBXFileReference; fileEncoding = 4; lastKnownFileType = sourcecode.c.c; path = miniunz.c; sourceTree = "<group>"; };
		FEC344B5217D94EF0080AFDC /* libcurl.4.tbd */ = {isa = PBXFileReference; lastKnownFileType = "sourcecode.text-based-dylib-definition"; name = libcurl.4.tbd; path = usr/lib/libcurl.4.tbd; sourceTree = SDKROOT; };
		FEC8E4702174717D00EC2845 /* commit_notification */ = {isa = PBXFileReference; explicitFileType = "compiled.mach-o.executable"; includeInIndex = 0; path = commit_notification; sourceTree = BUILT_PRODUCTS_DIR; };
/* End PBXFileReference section */

/* Begin PBXFrameworksBuildPhase section */
		FEC8E46D2174717D00EC2845 /* Frameworks */ = {
			isa = PBXFrameworksBuildPhase;
			buildActionMask = 2147483647;
			files = (
				FEC344B7217DA21C0080AFDC /* libcurl.4.tbd in Frameworks */,
			);
			runOnlyForDeploymentPostprocessing = 0;
		};
/* End PBXFrameworksBuildPhase section */

/* Begin PBXGroup section */
		FE0A7F8B217D72CE007C6152 /* IO */ = {
			isa = PBXGroup;
			children = (
				FE0A7F85217D726B007C6152 /* file.cpp */,
				FE0A7F82217D726B007C6152 /* file.hpp */,
			);
			path = IO;
			sourceTree = "<group>";
		};
		FE0A7F8C217D72E6007C6152 /* init */ = {
			isa = PBXGroup;
			children = (
				FE0A7F87217D726B007C6152 /* notification_init.cpp */,
				FE0A7F86217D726B007C6152 /* notification_init.hpp */,
			);
			path = init;
			sourceTree = "<group>";
		};
		FEC3443E217D75110080AFDC /* minizip-1.2 */ = {
			isa = PBXGroup;
			children = (
				FEC3443F217D75110080AFDC /* crypt.c */,
				FEC34440217D75110080AFDC /* CMakeLists.txt */,
				FEC34441217D75110080AFDC /* unzip.c */,
				FEC34442217D75110080AFDC /* LICENSE */,
				FEC34443217D75110080AFDC /* zip.c */,
				FEC34444217D75110080AFDC /* ChangeLog */,
				FEC34445217D75110080AFDC /* minishared.h */,
				FEC34446217D75110080AFDC /* iowin32.h */,
				FEC34447217D75110080AFDC /* ioapi.c */,
				FEC34448217D75110080AFDC /* ioapi_mem.h */,
				FEC34449217D75110080AFDC /* Minizip.podspec */,
				FEC3444A217D75110080AFDC /* ioapi_buf.c */,
				FEC3444B217D75110080AFDC /* README.md */,
				FEC3444C217D75110080AFDC /* mac */,
				FEC34450217D75110080AFDC /* crypt.h */,
				FEC34451217D75110080AFDC /* .gitignore */,
				FEC34452217D75110080AFDC /* zip.h */,
				FEC34453217D75110080AFDC /* linux */,
				FEC34457217D75110080AFDC /* unzip.h */,
				FEC34458217D75110080AFDC /* ioapi_mem.c */,
				FEC34459217D75110080AFDC /* windows */,
				FEC34462217D75110080AFDC /* minishared.c */,
				FEC34463217D75110080AFDC /* ioapi.h */,
				FEC34464217D75110080AFDC /* iowin32.c */,
				FEC34465217D75110080AFDC /* ioapi_buf.h */,
				FEC34466217D75110080AFDC /* minizip.c */,
				FEC34467217D75110080AFDC /* aes */,
				FEC3447C217D75110080AFDC /* miniunz.c */,
			);
			path = "minizip-1.2";
			sourceTree = "<group>";
		};
		FEC3444C217D75110080AFDC /* mac */ = {
			isa = PBXGroup;
			children = (
				FEC3444D217D75110080AFDC /* minizip.xcodeproj */,
			);
			path = mac;
			sourceTree = "<group>";
		};
		FEC3444E217D75110080AFDC /* Products */ = {
			isa = PBXGroup;
			children = (
				FEC34481217D75110080AFDC /* libminizip.a */,
				FEC34483217D75110080AFDC /* miniunz */,
				FEC34485217D75110080AFDC /* minizip */,
			);
			name = Products;
			sourceTree = "<group>";
		};
		FEC34453217D75110080AFDC /* linux */ = {
			isa = PBXGroup;
			children = (
				FEC34454217D75110080AFDC /* minizip.qbs */,
				FEC34455217D75110080AFDC /* miniunz.qbs */,
				FEC34456217D75110080AFDC /* libminizip.qbs */,
			);
			path = linux;
			sourceTree = "<group>";
		};
		FEC34459217D75110080AFDC /* windows */ = {
			isa = PBXGroup;
			children = (
				FEC3445A217D75110080AFDC /* miniunz.vcxproj */,
				FEC3445B217D75110080AFDC /* minizip.vcxproj.filters */,
				FEC3445C217D75110080AFDC /* libminizip.vcxproj.filters */,
				FEC3445D217D75110080AFDC /* minizip.vcproj */,
				FEC3445E217D75110080AFDC /* miniunz.vcxproj.filters */,
				FEC3445F217D75110080AFDC /* minizip.vcxproj */,
				FEC34460217D75110080AFDC /* minizip.sln */,
				FEC34461217D75110080AFDC /* libminizip.vcxproj */,
			);
			path = windows;
			sourceTree = "<group>";
		};
		FEC34467217D75110080AFDC /* aes */ = {
			isa = PBXGroup;
			children = (
				FEC34468217D75110080AFDC /* prng.h */,
				FEC34469217D75110080AFDC /* aes_ni.h */,
				FEC3446A217D75110080AFDC /* aeskey.c */,
				FEC3446B217D75110080AFDC /* hmac.c */,
				FEC3446C217D75110080AFDC /* aestab.h */,
				FEC3446D217D75110080AFDC /* pwd2key.h */,
				FEC3446E217D75110080AFDC /* aescrypt.c */,
				FEC3446F217D75110080AFDC /* fileenc.c */,
				FEC34470217D75110080AFDC /* aesopt.h */,
				FEC34471217D75110080AFDC /* sha1.c */,
				FEC34472217D75110080AFDC /* brg_types.h */,
				FEC34473217D75110080AFDC /* hmac.h */,
				FEC34474217D75110080AFDC /* aes_ni.c */,
				FEC34475217D75110080AFDC /* brg_endian.h */,
				FEC34476217D75110080AFDC /* prng.c */,
				FEC34477217D75110080AFDC /* aes.h */,
				FEC34478217D75110080AFDC /* pwd2key.c */,
				FEC34479217D75110080AFDC /* aestab.c */,
				FEC3447A217D75110080AFDC /* sha1.h */,
				FEC3447B217D75110080AFDC /* fileenc.h */,
			);
			path = aes;
			sourceTree = "<group>";
		};
		FEC344A0217D77760080AFDC /* Frameworks */ = {
			isa = PBXGroup;
			children = (
				FEC344B5217D94EF0080AFDC /* libcurl.4.tbd */,
			);
			name = Frameworks;
			sourceTree = "<group>";
		};
		FEC8E4672174717D00EC2845 = {
			isa = PBXGroup;
			children = (
				FEC8E4722174717D00EC2845 /* commit_notification */,
				FEC8E4712174717D00EC2845 /* Products */,
				FEC344A0217D77760080AFDC /* Frameworks */,
			);
			sourceTree = "<group>";
		};
		FEC8E4712174717D00EC2845 /* Products */ = {
			isa = PBXGroup;
			children = (
				FEC8E4702174717D00EC2845 /* commit_notification */,
			);
			name = Products;
			sourceTree = "<group>";
		};
		FEC8E4722174717D00EC2845 /* commit_notification */ = {
			isa = PBXGroup;
			children = (
				FEC3443E217D75110080AFDC /* minizip-1.2 */,
				FE0A7F8C217D72E6007C6152 /* init */,
				FE0A7F8B217D72CE007C6152 /* IO */,
				FE0A7F83217D726B007C6152 /* run.cpp */,
				FE0A7F84217D726B007C6152 /* run.hpp */,
			);
			path = commit_notification;
			sourceTree = "<group>";
		};
/* End PBXGroup section */

/* Begin PBXNativeTarget section */
		FEC8E46F2174717D00EC2845 /* commit_notification */ = {
			isa = PBXNativeTarget;
			buildConfigurationList = FEC8E4772174717D00EC2845 /* Build configuration list for PBXNativeTarget "commit_notification" */;
			buildPhases = (
				FEC8E46C2174717D00EC2845 /* Sources */,
				FEC8E46D2174717D00EC2845 /* Frameworks */,
				FEC8E46E2174717D00EC2845 /* CopyFiles */,
			);
			buildRules = (
			);
			dependencies = (
			);
			name = commit_notification;
			productName = commit_notification;
			productReference = FEC8E4702174717D00EC2845 /* commit_notification */;
			productType = "com.apple.product-type.tool";
		};
/* End PBXNativeTarget section */

/* Begin PBXProject section */
		FEC8E4682174717D00EC2845 /* Project object */ = {
			isa = PBXProject;
			attributes = {
				LastUpgradeCheck = 0940;
				ORGANIZATIONNAME = donggun;
				TargetAttributes = {
					FEC8E46F2174717D00EC2845 = {
						CreatedOnToolsVersion = 9.4.1;
					};
				};
			};
			buildConfigurationList = FEC8E46B2174717D00EC2845 /* Build configuration list for PBXProject "commit_notification" */;
			compatibilityVersion = "Xcode 9.3";
			developmentRegion = en;
			hasScannedForEncodings = 0;
			knownRegions = (
				en,
			);
			mainGroup = FEC8E4672174717D00EC2845;
			productRefGroup = FEC8E4712174717D00EC2845 /* Products */;
			projectDirPath = "";
			projectReferences = (
				{
					ProductGroup = FEC3444E217D75110080AFDC /* Products */;
					ProjectRef = FEC3444D217D75110080AFDC /* minizip.xcodeproj */;
				},
			);
			projectRoot = "";
			targets = (
				FEC8E46F2174717D00EC2845 /* commit_notification */,
			);
		};
/* End PBXProject section */

/* Begin PBXReferenceProxy section */
		FEC34481217D75110080AFDC /* libminizip.a */ = {
			isa = PBXReferenceProxy;
			fileType = archive.ar;
			path = libminizip.a;
			remoteRef = FEC34480217D75110080AFDC /* PBXContainerItemProxy */;
			sourceTree = BUILT_PRODUCTS_DIR;
		};
		FEC34483217D75110080AFDC /* miniunz */ = {
			isa = PBXReferenceProxy;
			fileType = "compiled.mach-o.executable";
			path = miniunz;
			remoteRef = FEC34482217D75110080AFDC /* PBXContainerItemProxy */;
			sourceTree = BUILT_PRODUCTS_DIR;
		};
		FEC34485217D75110080AFDC /* minizip */ = {
			isa = PBXReferenceProxy;
			fileType = "compiled.mach-o.executable";
			path = minizip;
			remoteRef = FEC34484217D75110080AFDC /* PBXContainerItemProxy */;
			sourceTree = BUILT_PRODUCTS_DIR;
		};
/* End PBXReferenceProxy section */

/* Begin PBXSourcesBuildPhase section */
		FEC8E46C2174717D00EC2845 /* Sources */ = {
			isa = PBXSourcesBuildPhase;
			buildActionMask = 2147483647;
			files = (
				FEC344B1217D92FE0080AFDC /* crypt.c in Sources */,
				FEC3449F217D76FB0080AFDC /* minishared.c in Sources */,
				FEC3449E217D75520080AFDC /* run.cpp in Sources */,
				FEC3449D217D754F0080AFDC /* file.cpp in Sources */,
				FEC3449C217D754A0080AFDC /* notification_init.cpp in Sources */,
				FEC3449A217D753D0080AFDC /* ioapi.c in Sources */,
				FEC34499217D75350080AFDC /* unzip.c in Sources */,
			);
			runOnlyForDeploymentPostprocessing = 0;
		};
/* End PBXSourcesBuildPhase section */

/* Begin XCBuildConfiguration section */
		FEC8E4752174717D00EC2845 /* Debug */ = {
			isa = XCBuildConfiguration;
			buildSettings = {
				ALWAYS_SEARCH_USER_PATHS = NO;
				CLANG_ANALYZER_NONNULL = YES;
				CLANG_ANALYZER_NUMBER_OBJECT_CONVERSION = YES_AGGRESSIVE;
				CLANG_CXX_LANGUAGE_STANDARD = "gnu++14";
				CLANG_CXX_LIBRARY = "libc++";
				CLANG_ENABLE_MODULES = YES;
				CLANG_ENABLE_OBJC_ARC = YES;
				CLANG_ENABLE_OBJC_WEAK = YES;
				CLANG_WARN_BLOCK_CAPTURE_AUTORELEASING = YES;
				CLANG_WARN_BOOL_CONVERSION = YES;
				CLANG_WARN_COMMA = YES;
				CLANG_WARN_CONSTANT_CONVERSION = YES;
				CLANG_WARN_DEPRECATED_OBJC_IMPLEMENTATIONS = YES;
				CLANG_WARN_DIRECT_OBJC_ISA_USAGE = YES_ERROR;
				CLANG_WARN_DOCUMENTATION_COMMENTS = YES;
				CLANG_WARN_EMPTY_BODY = YES;
				CLANG_WARN_ENUM_CONVERSION = YES;
				CLANG_WARN_INFINITE_RECURSION = YES;
				CLANG_WARN_INT_CONVERSION = YES;
				CLANG_WARN_NON_LITERAL_NULL_CONVERSION = YES;
				CLANG_WARN_OBJC_IMPLICIT_RETAIN_SELF = YES;
				CLANG_WARN_OBJC_LITERAL_CONVERSION = YES;
				CLANG_WARN_OBJC_ROOT_CLASS = YES_ERROR;
				CLANG_WARN_RANGE_LOOP_ANALYSIS = YES;
				CLANG_WARN_STRICT_PROTOTYPES = YES;
				CLANG_WARN_SUSPICIOUS_MOVE = YES;
				CLANG_WARN_UNGUARDED_AVAILABILITY = YES_AGGRESSIVE;
				CLANG_WARN_UNREACHABLE_CODE = YES;
				CLANG_WARN__DUPLICATE_METHOD_MATCH = YES;
				CODE_SIGN_IDENTITY = "-";
				COPY_PHASE_STRIP = NO;
				DEBUG_INFORMATION_FORMAT = dwarf;
				ENABLE_STRICT_OBJC_MSGSEND = YES;
				ENABLE_TESTABILITY = YES;
				GCC_C_LANGUAGE_STANDARD = gnu11;
				GCC_DYNAMIC_NO_PIC = NO;
				GCC_NO_COMMON_BLOCKS = YES;
				GCC_OPTIMIZATION_LEVEL = 0;
				GCC_PREPROCESSOR_DEFINITIONS = (
					"DEBUG=1",
					"$(inherited)",
				);
				GCC_WARN_64_TO_32_BIT_CONVERSION = YES;
				GCC_WARN_ABOUT_RETURN_TYPE = YES_ERROR;
				GCC_WARN_UNDECLARED_SELECTOR = YES;
				GCC_WARN_UNINITIALIZED_AUTOS = YES_AGGRESSIVE;
				GCC_WARN_UNUSED_FUNCTION = YES;
				GCC_WARN_UNUSED_VARIABLE = YES;
				MACOSX_DEPLOYMENT_TARGET = 10.13;
				MTL_ENABLE_DEBUG_INFO = YES;
				ONLY_ACTIVE_ARCH = YES;
				SDKROOT = macosx;
			};
			name = Debug;
		};
		FEC8E4762174717D00EC2845 /* Release */ = {
			isa = XCBuildConfiguration;
			buildSettings = {
				ALWAYS_SEARCH_USER_PATHS = NO;
				CLANG_ANALYZER_NONNULL = YES;
				CLANG_ANALYZER_NUMBER_OBJECT_CONVERSION = YES_AGGRESSIVE;
				CLANG_CXX_LANGUAGE_STANDARD = "gnu++14";
				CLANG_CXX_LIBRARY = "libc++";
				CLANG_ENABLE_MODULES = YES;
				CLANG_ENABLE_OBJC_ARC = YES;
				CLANG_ENABLE_OBJC_WEAK = YES;
				CLANG_WARN_BLOCK_CAPTURE_AUTORELEASING = YES;
				CLANG_WARN_BOOL_CONVERSION = YES;
				CLANG_WARN_COMMA = YES;
				CLANG_WARN_CONSTANT_CONVERSION = YES;
				CLANG_WARN_DEPRECATED_OBJC_IMPLEMENTATIONS = YES;
				CLANG_WARN_DIRECT_OBJC_ISA_USAGE = YES_ERROR;
				CLANG_WARN_DOCUMENTATION_COMMENTS = YES;
				CLANG_WARN_EMPTY_BODY = YES;
				CLANG_WARN_ENUM_CONVERSION = YES;
				CLANG_WARN_INFINITE_RECURSION = YES;
				CLANG_WARN_INT_CONVERSION = YES;
				CLANG_WARN_NON_LITERAL_NULL_CONVERSION = YES;
				CLANG_WARN_OBJC_IMPLICIT_RETAIN_SELF = YES;
				CLANG_WARN_OBJC_LITERAL_CONVERSION = YES;
				CLANG_WARN_OBJC_ROOT_CLASS = YES_ERROR;
				CLANG_WARN_RANGE_LOOP_ANALYSIS = YES;
				CLANG_WARN_STRICT_PROTOTYPES = YES;
				CLANG_WARN_SUSPICIOUS_MOVE = YES;
				CLANG_WARN_UNGUARDED_AVAILABILITY = YES_AGGRESSIVE;
				CLANG_WARN_UNREACHABLE_CODE = YES;
				CLANG_WARN__DUPLICATE_METHOD_MATCH = YES;
				CODE_SIGN_IDENTITY = "-";
				COPY_PHASE_STRIP = NO;
				DEBUG_INFORMATION_FORMAT = "dwarf-with-dsym";
				ENABLE_NS_ASSERTIONS = NO;
				ENABLE_STRICT_OBJC_MSGSEND = YES;
				GCC_C_LANGUAGE_STANDARD = gnu11;
				GCC_NO_COMMON_BLOCKS = YES;
				GCC_WARN_64_TO_32_BIT_CONVERSION = YES;
				GCC_WARN_ABOUT_RETURN_TYPE = YES_ERROR;
				GCC_WARN_UNDECLARED_SELECTOR = YES;
				GCC_WARN_UNINITIALIZED_AUTOS = YES_AGGRESSIVE;
				GCC_WARN_UNUSED_FUNCTION = YES;
				GCC_WARN_UNUSED_VARIABLE = YES;
				MACOSX_DEPLOYMENT_TARGET = 10.13;
				MTL_ENABLE_DEBUG_INFO = NO;
				SDKROOT = macosx;
			};
			name = Release;
		};
		FEC8E4782174717D00EC2845 /* Debug */ = {
			isa = XCBuildConfiguration;
			buildSettings = {
				CODE_SIGN_STYLE = Automatic;
				LIBRARY_SEARCH_PATHS = (
					"$(inherited)",
					"$(PROJECT_DIR)/commit_notification/config/mac",
				);
				PRODUCT_NAME = "$(TARGET_NAME)";
			};
			name = Debug;
		};
		FEC8E4792174717D00EC2845 /* Release */ = {
			isa = XCBuildConfiguration;
			buildSettings = {
				CODE_SIGN_STYLE = Automatic;
				LIBRARY_SEARCH_PATHS = (
					"$(inherited)",
					"$(PROJECT_DIR)/commit_notification/config/mac",
				);
				PRODUCT_NAME = "$(TARGET_NAME)";
			};
			name = Release;
		};
/* End XCBuildConfiguration section */

/* Begin XCConfigurationList section */
		FEC8E46B2174717D00EC2845 /* Build configuration list for PBXProject "commit_notification" */ = {
			isa = XCConfigurationList;
			buildConfigurations = (
				FEC8E4752174717D00EC2845 /* Debug */,
				FEC8E4762174717D00EC2845 /* Release */,
			);
			defaultConfigurationIsVisible = 0;
			defaultConfigurationName = Release;
		};
		FEC8E4772174717D00EC2845 /* Build configuration list for PBXNativeTarget "commit_notification" */ = {
			isa = XCConfigurationList;
			buildConfigurations = (
				FEC8E4782174717D00EC2845 /* Debug */,
				FEC8E4792174717D00EC2845 /* Release */,
			);
			defaultConfigurationIsVisible = 0;
			defaultConfigurationName = Release;
		};
/* End XCConfigurationList section */
	};
	rootObject = FEC8E4682174717D00EC2845 /* Project object */;
}
